
Microsoft Visual Studio Solution File, Format Version 12.00
# Visual Studio 14
VisualStudioVersion = 14.0.25420.1
MinimumVisualStudioVersion = 10.0.40219.1
Project("{FAE04EC0-301F-11D3-BF4B-00C04F79EFBC}") = "NotificationCentre", "NotificationCentre\NotificationCentre.csproj", "{882A060F-09EF-485F-AEDC-7EA4246F5DD7}"
EndProject
Project("{FAE04EC0-301F-11D3-BF4B-00C04F79EFBC}") = "NotificationCentre.SideBar", "NotificationCentre.SideBar\NotificationCentre.SideBar.csproj", "{0F6CE74B-EA2A-4FB8-A96A-7906A46266A9}"
EndProject
Project("{FAE04EC0-301F-11D3-BF4B-00C04F79EFBC}") = "NotificationCentre.Alerts", "NotificationCentre.Alerts\NotificationCentre.Alerts.csproj", "{1C034555-06F8-47CE-A8A3-D04D130139C1}"
EndProject
Project("{2150E333-8FDC-42A3-9474-1A3956D46DE8}") = "Tests", "Tests", "{4C1B96C2-4D4A-4138-BA35-6B411E495F12}"
EndProject
Project("{FAE04EC0-301F-11D3-BF4B-00C04F79EFBC}") = "NotificationCentre.SideBar.Tests", "NotificationCentre.SideBar.Tests\NotificationCentre.SideBar.Tests.csproj", "{A1186763-9EB4-49FA-9F77-AD04989D3D30}"
EndProject
Project("{2150E333-8FDC-42A3-9474-1A3956D46DE8}") = "Previews", "Previews", "{977703ED-B64B-4F59-B345-87DF84AB402A}"
EndProject
Project("{FAE04EC0-301F-11D3-BF4B-00C04F79EFBC}") = "NotificationCentre.SideBar.Preview", "NotificationCentre.SideBar.Preview\NotificationCentre.SideBar.Preview.csproj", "{C0F0A35E-509B-439D-8017-48A36FFF6C3D}"
EndProject
Project("{FAE04EC0-301F-11D3-BF4B-00C04F79EFBC}") = "NotificationCentre.Alerts.Preview", "NotificationCentre.Alerts.Preview\NotificationCentre.Alerts.Preview.csproj", "{F7435F99-79C1-4574-9EF0-028BEA120CF3}"
EndProject
Project("{FAE04EC0-301F-11D3-BF4B-00C04F79EFBC}") = "NotificationCentre.Interfaces", "NotificationCentre.Interfaces\NotificationCentre.Interfaces.csproj", "{CFAE3C22-A6CD-402F-91C1-7986FF8AC32C}"
EndProject
Project("{FAE04EC0-301F-11D3-BF4B-00C04F79EFBC}") = "NotificationCentre.Tray", "NotificationCentre.Tray\NotificationCentre.Tray.csproj", "{E25CE846-A787-4A8C-9FC6-0D77527F362A}"
EndProject
Project("{FAE04EC0-301F-11D3-BF4B-00C04F79EFBC}") = "NotificationCentre.Transports", "NotificationCentre.Transports.Pipe\NotificationCentre.Transports.csproj", "{EFA7DEB8-DED3-4B8C-AB67-A18CE769CEC2}"
EndProject
Project("{FAE04EC0-301F-11D3-BF4B-00C04F79EFBC}") = "NotificationCentre.Core", "NotificationCentre.Core\NotificationCentre.Core.csproj", "{F687057E-75E9-420A-800A-77B08A3A6F4D}"
EndProject
Global
	GlobalSection(SolutionConfigurationPlatforms) = preSolution
		Debug|Any CPU = Debug|Any CPU
		Release|Any CPU = Release|Any CPU
	EndGlobalSection
	GlobalSection(ProjectConfigurationPlatforms) = postSolution
		{882A060F-09EF-485F-AEDC-7EA4246F5DD7}.Debug|Any CPU.ActiveCfg = Debug|Any CPU
		{882A060F-09EF-485F-AEDC-7EA4246F5DD7}.Debug|Any CPU.Build.0 = Debug|Any CPU
		{882A060F-09EF-485F-AEDC-7EA4246F5DD7}.Release|Any CPU.ActiveCfg = Release|Any CPU
		{882A060F-09EF-485F-AEDC-7EA4246F5DD7}.Release|Any CPU.Build.0 = Release|Any CPU
		{0F6CE74B-EA2A-4FB8-A96A-7906A46266A9}.Debug|Any CPU.ActiveCfg = Debug|Any CPU
		{0F6CE74B-EA2A-4FB8-A96A-7906A46266A9}.Debug|Any CPU.Build.0 = Debug|Any CPU
		{0F6CE74B-EA2A-4FB8-A96A-7906A46266A9}.Release|Any CPU.ActiveCfg = Release|Any CPU
		{0F6CE74B-EA2A-4FB8-A96A-7906A46266A9}.Release|Any CPU.Build.0 = Release|Any CPU
		{1C034555-06F8-47CE-A8A3-D04D130139C1}.Debug|Any CPU.ActiveCfg = Debug|Any CPU
		{1C034555-06F8-47CE-A8A3-D04D130139C1}.Debug|Any CPU.Build.0 = Debug|Any CPU
		{1C034555-06F8-47CE-A8A3-D04D130139C1}.Release|Any CPU.ActiveCfg = Release|Any CPU
		{1C034555-06F8-47CE-A8A3-D04D130139C1}.Release|Any CPU.Build.0 = Release|Any CPU
		{A1186763-9EB4-49FA-9F77-AD04989D3D30}.Debug|Any CPU.ActiveCfg = Debug|Any CPU
		{A1186763-9EB4-49FA-9F77-AD04989D3D30}.Debug|Any CPU.Build.0 = Debug|Any CPU
		{A1186763-9EB4-49FA-9F77-AD04989D3D30}.Release|Any CPU.ActiveCfg = Release|Any CPU
		{A1186763-9EB4-49FA-9F77-AD04989D3D30}.Release|Any CPU.Build.0 = Release|Any CPU
		{C0F0A35E-509B-439D-8017-48A36FFF6C3D}.Debug|Any CPU.ActiveCfg = Debug|Any CPU
		{C0F0A35E-509B-439D-8017-48A36FFF6C3D}.Debug|Any CPU.Build.0 = Debug|Any CPU
		{C0F0A35E-509B-439D-8017-48A36FFF6C3D}.Release|Any CPU.ActiveCfg = Release|Any CPU
		{C0F0A35E-509B-439D-8017-48A36FFF6C3D}.Release|Any CPU.Build.0 = Release|Any CPU
		{F7435F99-79C1-4574-9EF0-028BEA120CF3}.Debug|Any CPU.ActiveCfg = Debug|Any CPU
		{F7435F99-79C1-4574-9EF0-028BEA120CF3}.Debug|Any CPU.Build.0 = Debug|Any CPU
		{F7435F99-79C1-4574-9EF0-028BEA120CF3}.Release|Any CPU.ActiveCfg = Release|Any CPU
		{F7435F99-79C1-4574-9EF0-028BEA120CF3}.Release|Any CPU.Build.0 = Release|Any CPU
		{CFAE3C22-A6CD-402F-91C1-7986FF8AC32C}.Debug|Any CPU.ActiveCfg = Debug|Any CPU
		{CFAE3C22-A6CD-402F-91C1-7986FF8AC32C}.Debug|Any CPU.Build.0 = Debug|Any CPU
		{CFAE3C22-A6CD-402F-91C1-7986FF8AC32C}.Release|Any CPU.ActiveCfg = Release|Any CPU
		{CFAE3C22-A6CD-402F-91C1-7986FF8AC32C}.Release|Any CPU.Build.0 = Release|Any CPU
		{E25CE846-A787-4A8C-9FC6-0D77527F362A}.Debug|Any CPU.ActiveCfg = Debug|Any CPU
		{E25CE846-A787-4A8C-9FC6-0D77527F362A}.Debug|Any CPU.Build.0 = Debug|Any CPU
		{E25CE846-A787-4A8C-9FC6-0D77527F362A}.Release|Any CPU.ActiveCfg = Release|Any CPU
		{E25CE846-A787-4A8C-9FC6-0D77527F362A}.Release|Any CPU.Build.0 = Release|Any CPU
		{EFA7DEB8-DED3-4B8C-AB67-A18CE769CEC2}.Debug|Any CPU.ActiveCfg = Debug|Any CPU
		{EFA7DEB8-DED3-4B8C-AB67-A18CE769CEC2}.Debug|Any CPU.Build.0 = Debug|Any CPU
		{EFA7DEB8-DED3-4B8C-AB67-A18CE769CEC2}.Release|Any CPU.ActiveCfg = Release|Any CPU
		{EFA7DEB8-DED3-4B8C-AB67-A18CE769CEC2}.Release|Any CPU.Build.0 = Release|Any CPU
		{F687057E-75E9-420A-800A-77B08A3A6F4D}.Debug|Any CPU.ActiveCfg = Debug|Any CPU
		{F687057E-75E9-420A-800A-77B08A3A6F4D}.Debug|Any CPU.Build.0 = Debug|Any CPU
		{F687057E-75E9-420A-800A-77B08A3A6F4D}.Release|Any CPU.ActiveCfg = Release|Any CPU
		{F687057E-75E9-420A-800A-77B08A3A6F4D}.Release|Any CPU.Build.0 = Release|Any CPU
	EndGlobalSection
	GlobalSection(SolutionProperties) = preSolution
		HideSolutionNode = FALSE
	EndGlobalSection
	GlobalSection(NestedProjects) = preSolution
		{A1186763-9EB4-49FA-9F77-AD04989D3D30} = {4C1B96C2-4D4A-4138-BA35-6B411E495F12}
		{C0F0A35E-509B-439D-8017-48A36FFF6C3D} = {977703ED-B64B-4F59-B345-87DF84AB402A}
		{F7435F99-79C1-4574-9EF0-028BEA120CF3} = {977703ED-B64B-4F59-B345-87DF84AB402A}
	EndGlobalSection
EndGlobal
